{
    "_meta": {
        "hash": {
            "sha256": "a1c82f95dd98434060bda3a53d33484e85f8976b17908a7917f39e624b3da599"
        },
        "pipfile-spec": 6,
        "requires": {
            "python_version": "3.10"
        },
        "sources": [
            {
                "name": "pypi",
                "url": "https://pypi.org/simple",
                "verify_ssl": true
            }
        ]
    },
    "default": {},
    "develop": {}
}
